
Microsoft Visual Studio Solution File, Format Version 12.00
# Visual Studio Version 17
VisualStudioVersion = 17.14.36414.22 d17.14
MinimumVisualStudioVersion = 10.0.40219.1
Project("{FAE04EC0-301F-11D3-BF4B-00C04F79EFBC}") = "vys-projekty", "vys-projekty.csproj", "{1BDE41A4-26CA-4116-8BF0-B8EA1208890A}"
EndProject
Global
	GlobalSection(SolutionConfigurationPlatforms) = preSolution
		Debug|Any CPU = Debug|Any CPU
		Release|Any CPU = Release|Any CPU
	EndGlobalSection
	GlobalSection(ProjectConfigurationPlatforms) = postSolution
		{1BDE41A4-26CA-4116-8BF0-B8EA1208890A}.Debug|Any CPU.ActiveCfg = Debug|Any CPU
		{1BDE41A4-26CA-4116-8BF0-B8EA1208890A}.Debug|Any CPU.Build.0 = Debug|Any CPU
		{1BDE41A4-26CA-4116-8BF0-B8EA1208890A}.Release|Any CPU.ActiveCfg = Release|Any CPU
		{1BDE41A4-26CA-4116-8BF0-B8EA1208890A}.Release|Any CPU.Build.0 = Release|Any CPU
	EndGlobalSection
	GlobalSection(SolutionProperties) = preSolution
		HideSolutionNode = FALSE
	EndGlobalSection
	GlobalSection(ExtensibilityGlobals) = postSolution
		SolutionGuid = {55C948F7-56C3-42F8-A587-A7EDDCCBFD84}
	EndGlobalSection
EndGlobal
