
Microsoft Visual Studio Solution File, Format Version 12.00
# Visual Studio Version 17
VisualStudioVersion = 17.14.36414.22 d17.14
MinimumVisualStudioVersion = 10.0.40219.1
Project("{FAE04EC0-301F-11D3-BF4B-00C04F79EFBC}") = "helloworld_1", "helloworld_1\helloworld_1.csproj", "{88D19F55-2F15-452A-B38D-A4B72AF7FA3E}"
EndProject
Global
	GlobalSection(SolutionConfigurationPlatforms) = preSolution
		Debug|Any CPU = Debug|Any CPU
		Release|Any CPU = Release|Any CPU
	EndGlobalSection
	GlobalSection(ProjectConfigurationPlatforms) = postSolution
		{88D19F55-2F15-452A-B38D-A4B72AF7FA3E}.Debug|Any CPU.ActiveCfg = Debug|Any CPU
		{88D19F55-2F15-452A-B38D-A4B72AF7FA3E}.Debug|Any CPU.Build.0 = Debug|Any CPU
		{88D19F55-2F15-452A-B38D-A4B72AF7FA3E}.Release|Any CPU.ActiveCfg = Release|Any CPU
		{88D19F55-2F15-452A-B38D-A4B72AF7FA3E}.Release|Any CPU.Build.0 = Release|Any CPU
	EndGlobalSection
	GlobalSection(SolutionProperties) = preSolution
		HideSolutionNode = FALSE
	EndGlobalSection
	GlobalSection(ExtensibilityGlobals) = postSolution
		SolutionGuid = {A7ACA8D4-50B9-4C25-B143-36927EE29DC1}
	EndGlobalSection
EndGlobal
